{
    "_readme": [
        "This file locks the dependencies of your project to a known state",
        "Read more about it at https://getcomposer.org/doc/01-basic-usage.md#composer-lock-the-lock-file",
        "This file is @generated automatically"
    ],
    "hash": "8f6f991a1ed0a604d262d2a13b42d5e6",
    "content-hash": "8a9d330a882acce3861c2f77f61bc6eb",
    "packages": [
        {
            "name": "elementsproject/lightning-strike-client-php",
            "version": "dev-master",
            "source": {
                "type": "git",
                "url": "https://github.com/ElementsProject/lightning-strike-client-php.git",
                "reference": "1e4738a5c7641784a959087323f3d3095e2dc1de"
            },
            "dist": {
                "type": "zip",
                "url": "https://api.github.com/repos/ElementsProject/lightning-strike-client-php/zipball/1e4738a5c7641784a959087323f3d3095e2dc1de",
                "reference": "1e4738a5c7641784a959087323f3d3095e2dc1de",
                "shasum": ""
            },
            "require": {
                "tcdent/php-restclient": "^0.1"
            },
            "require-dev": {
                "clue/phar-composer": "^1.0",
                "phpunit/phpunit": "^6.4"
            },
            "type": "library",
            "autoload": {
                "files": [
                    "client.php"
                ]
            },
            "notification-url": "https://packagist.org/downloads/",
            "license": [
                "MIT"
            ],
            "description": "PHP client for the Lightning Strike REST API",
            "time": "2017-12-09 01:06:10"
        },
        {
            "name": "tcdent/php-restclient",
            "version": "0.1.7",
            "source": {
                "type": "git",
                "url": "https://github.com/tcdent/php-restclient.git",
                "reference": "4522e8518eaef770d715977fcb45f187f8ad7499"
            },
            "dist": {
                "type": "zip",
                "url": "https://api.github.com/repos/tcdent/php-restclient/zipball/4522e8518eaef770d715977fcb45f187f8ad7499",
                "reference": "4522e8518eaef770d715977fcb45f187f8ad7499",
                "shasum": ""
            },
            "require": {
                "ext-curl": "*",
                "ext-json": "*",
                "php": ">=5.4.0"
            },
            "require-dev": {
                "php": ">=5.5.7",
                "phpunit/phpunit": ">=4.5"
            },
            "type": "library",
            "autoload": {
                "files": [
                    "restclient.php"
                ]
            },
            "notification-url": "https://packagist.org/downloads/",
            "license": [
                "MIT"
            ],
            "authors": [
                {
                    "name": "Travis Dent",
                    "email": "tcdent@gmail.com",
                    "role": "Developer"
                }
            ],
            "description": "A generic REST API client for PHP",
            "homepage": "http://github.com/tcdent/php-restclient",
            "keywords": [
                "api",
                "client",
                "curl",
                "json",
                "rest",
                "xml"
            ],
            "time": "2017-09-07 20:44:36"
        }
    ],
    "packages-dev": [],
    "aliases": [],
    "minimum-stability": "dev",
    "stability-flags": {
        "elementsproject/lightning-strike-client-php": 20
    },
    "prefer-stable": false,
    "prefer-lowest": false,
    "platform": [],
    "platform-dev": []
}
